
Microsoft Visual Studio Solution File, Format Version 12.00
# Visual Studio Version 17
VisualStudioVersion = 17.9.34622.214
MinimumVisualStudioVersion = 10.0.40219.1
Project("{FAE04EC0-301F-11D3-BF4B-00C04F79EFBC}") = "22521124_NgoHongPhuc_Lab1", "22521124_NgoHongPhuc_Lab1\22521124_NgoHongPhuc_Lab1.csproj", "{2AD85650-0448-4935-94FA-4C68C9E4B9B4}"
EndProject
Global
	GlobalSection(SolutionConfigurationPlatforms) = preSolution
		Debug|Any CPU = Debug|Any CPU
		Release|Any CPU = Release|Any CPU
	EndGlobalSection
	GlobalSection(ProjectConfigurationPlatforms) = postSolution
		{2AD85650-0448-4935-94FA-4C68C9E4B9B4}.Debug|Any CPU.ActiveCfg = Debug|Any CPU
		{2AD85650-0448-4935-94FA-4C68C9E4B9B4}.Debug|Any CPU.Build.0 = Debug|Any CPU
		{2AD85650-0448-4935-94FA-4C68C9E4B9B4}.Release|Any CPU.ActiveCfg = Release|Any CPU
		{2AD85650-0448-4935-94FA-4C68C9E4B9B4}.Release|Any CPU.Build.0 = Release|Any CPU
	EndGlobalSection
	GlobalSection(SolutionProperties) = preSolution
		HideSolutionNode = FALSE
	EndGlobalSection
	GlobalSection(ExtensibilityGlobals) = postSolution
		SolutionGuid = {DD055A3C-1238-4F7F-8DFF-2270F585856B}
	EndGlobalSection
EndGlobal
